
Microsoft Visual Studio Solution File, Format Version 12.00
# Visual Studio 15
VisualStudioVersion = 15.0.27703.2047
MinimumVisualStudioVersion = 10.0.40219.1
Project("{FAE04EC0-301F-11D3-BF4B-00C04F79EFBC}") = "Ejercicio00", "Ejercicio00\Ejercicio00.csproj", "{A0DA207E-1FB5-4633-A91E-B109331CB7FA}"
EndProject
Project("{FAE04EC0-301F-11D3-BF4B-00C04F79EFBC}") = "Ejercicio01", "Ejercicio01\Ejercicio01.csproj", "{A18B1EB7-6F37-4ABA-A545-94C3CF457CE1}"
EndProject
Project("{FAE04EC0-301F-11D3-BF4B-00C04F79EFBC}") = "Ejercicio02", "Ejercicio02\Ejercicio02.csproj", "{BCFFBD92-3408-49D4-B65A-D87FDA5A0202}"
EndProject
Project("{FAE04EC0-301F-11D3-BF4B-00C04F79EFBC}") = "Clase02", "EjercicioClase02\Clase02.csproj", "{812A2F9B-3437-4EBA-B9B9-7D924DDEA80E}"
EndProject
Project("{FAE04EC0-301F-11D3-BF4B-00C04F79EFBC}") = "Ejercicio03", "Ejercicio03\Ejercicio03.csproj", "{3CDEAE88-6976-4EDE-82D1-74EC3A2DFCD6}"
EndProject
Project("{FAE04EC0-301F-11D3-BF4B-00C04F79EFBC}") = "Ejercicio04", "Ejercicio04\Ejercicio04.csproj", "{3530E1D0-4CA7-4025-8A90-195742DA3EAB}"
EndProject
Project("{FAE04EC0-301F-11D3-BF4B-00C04F79EFBC}") = "Ejercicio05", "Ejercicio05\Ejercicio05.csproj", "{3B1488BA-8F21-434F-BC4C-D4626F9BAA1A}"
EndProject
Project("{FAE04EC0-301F-11D3-BF4B-00C04F79EFBC}") = "Ejercicio06", "Ejercicio06\Ejercicio06.csproj", "{723BE409-15DA-4D2D-A83B-2CBF985C3145}"
EndProject
Project("{FAE04EC0-301F-11D3-BF4B-00C04F79EFBC}") = "Ejercicio07", "Ejercicio07\Ejercicio07.csproj", "{0CA17B38-A3FA-4AA7-A432-FFE290E93076}"
EndProject
Project("{FAE04EC0-301F-11D3-BF4B-00C04F79EFBC}") = "Clase04", "EjercicioClase04\Clase04.csproj", "{6205A0CD-83A6-4987-BC0C-C5AFA064588D}"
EndProject
Project("{9A19103F-16F7-4668-BE54-9A1E7A4F7556}") = "Entidades", "Entidades\Entidades.csproj", "{E5C1A90A-BA74-403B-AF69-AB1806FFB24A}"
EndProject
Project("{FAE04EC0-301F-11D3-BF4B-00C04F79EFBC}") = "Ejercicio08", "Ejercicio08\Ejercicio08.csproj", "{E97A51E0-7DF4-4A0B-9664-823DDC3FBDE5}"
EndProject
Project("{FAE04EC0-301F-11D3-BF4B-00C04F79EFBC}") = "Ejercicio10", "Ejercicio10\Ejercicio10.csproj", "{A42B505B-7131-465F-BB7E-801FBC749838}"
EndProject
Project("{FAE04EC0-301F-11D3-BF4B-00C04F79EFBC}") = "Ejercicio09", "Ejercicio09\Ejercicio09.csproj", "{6914A00E-D1C4-434D-B160-4F1DEAA58F58}"
EndProject
Project("{FAE04EC0-301F-11D3-BF4B-00C04F79EFBC}") = "Ejercicio11", "Ejercicio11\Ejercicio11.csproj", "{89A65835-FD7A-45C8-B073-3DE6308F0EE1}"
EndProject
Project("{FAE04EC0-301F-11D3-BF4B-00C04F79EFBC}") = "Ejercicio12", "Ejercicio12\Ejercicio12.csproj", "{B5FA28AF-A697-4C16-ACFC-C09B5149FD6E}"
EndProject
Project("{FAE04EC0-301F-11D3-BF4B-00C04F79EFBC}") = "Ejercicio13", "Ejercicio13\Ejercicio13.csproj", "{BDD258A1-7E04-4D3D-A657-287F94AA4C16}"
EndProject
Project("{FAE04EC0-301F-11D3-BF4B-00C04F79EFBC}") = "Ejercicio14", "Ejercicio14\Ejercicio14.csproj", "{AF82E4C4-192C-4763-B04E-B75DDAB41029}"
EndProject
Project("{FAE04EC0-301F-11D3-BF4B-00C04F79EFBC}") = "Ejercicio15", "Ejercicio15\Ejercicio15.csproj", "{6812191F-BF2B-4EC5-BE28-490BF8588E08}"
EndProject
Project("{FAE04EC0-301F-11D3-BF4B-00C04F79EFBC}") = "Ejercicio16", "Ejercicio16\Ejercicio16.csproj", "{68C9542F-20E5-45D7-A4C5-31A805702726}"
EndProject
Project("{FAE04EC0-301F-11D3-BF4B-00C04F79EFBC}") = "Ejercicio17", "Ejercicio17\Ejercicio17.csproj", "{7519D4C0-8E10-41F9-9961-15394DC4F0C1}"
EndProject
Project("{FAE04EC0-301F-11D3-BF4B-00C04F79EFBC}") = "Clase05-06", "Clase05\Clase05-06.csproj", "{8E7E6439-1F2C-46FC-9AEC-71049511CBBB}"
EndProject
Project("{FAE04EC0-301F-11D3-BF4B-00C04F79EFBC}") = "Clase06", "Clase06\Clase06.csproj", "{40D9FAA9-6A92-4795-95E8-ECD85E1EC0F0}"
EndProject
Project("{FAE04EC0-301F-11D3-BF4B-00C04F79EFBC}") = "Ejercicio18", "Ejercicio18\Ejercicio18.csproj", "{1FBF70B7-C570-4500-BE85-50ED7361F466}"
EndProject
Project("{FAE04EC0-301F-11D3-BF4B-00C04F79EFBC}") = "Entidades07-08", "Clase07-08\Entidades07-08\Entidades07-08.csproj", "{135C85D3-9B3E-451D-9CE6-A375AFFA54D5}"
EndProject
Project("{FAE04EC0-301F-11D3-BF4B-00C04F79EFBC}") = "TestWFClase08", "TestWFClase08+\TestWFClase08.csproj", "{F7B687F4-B5E6-4ED1-A526-45958239A6EF}"
EndProject
Global
	GlobalSection(SolutionConfigurationPlatforms) = preSolution
		Debug|Any CPU = Debug|Any CPU
		Debug|ARM = Debug|ARM
		Debug|x64 = Debug|x64
		Debug|x86 = Debug|x86
		Release|Any CPU = Release|Any CPU
		Release|ARM = Release|ARM
		Release|x64 = Release|x64
		Release|x86 = Release|x86
	EndGlobalSection
	GlobalSection(ProjectConfigurationPlatforms) = postSolution
		{A0DA207E-1FB5-4633-A91E-B109331CB7FA}.Debug|Any CPU.ActiveCfg = Debug|Any CPU
		{A0DA207E-1FB5-4633-A91E-B109331CB7FA}.Debug|Any CPU.Build.0 = Debug|Any CPU
		{A0DA207E-1FB5-4633-A91E-B109331CB7FA}.Debug|ARM.ActiveCfg = Debug|Any CPU
		{A0DA207E-1FB5-4633-A91E-B109331CB7FA}.Debug|ARM.Build.0 = Debug|Any CPU
		{A0DA207E-1FB5-4633-A91E-B109331CB7FA}.Debug|x64.ActiveCfg = Debug|Any CPU
		{A0DA207E-1FB5-4633-A91E-B109331CB7FA}.Debug|x64.Build.0 = Debug|Any CPU
		{A0DA207E-1FB5-4633-A91E-B109331CB7FA}.Debug|x86.ActiveCfg = Debug|Any CPU
		{A0DA207E-1FB5-4633-A91E-B109331CB7FA}.Debug|x86.Build.0 = Debug|Any CPU
		{A0DA207E-1FB5-4633-A91E-B109331CB7FA}.Release|Any CPU.ActiveCfg = Release|Any CPU
		{A0DA207E-1FB5-4633-A91E-B109331CB7FA}.Release|Any CPU.Build.0 = Release|Any CPU
		{A0DA207E-1FB5-4633-A91E-B109331CB7FA}.Release|ARM.ActiveCfg = Release|Any CPU
		{A0DA207E-1FB5-4633-A91E-B109331CB7FA}.Release|ARM.Build.0 = Release|Any CPU
		{A0DA207E-1FB5-4633-A91E-B109331CB7FA}.Release|x64.ActiveCfg = Release|Any CPU
		{A0DA207E-1FB5-4633-A91E-B109331CB7FA}.Release|x64.Build.0 = Release|Any CPU
		{A0DA207E-1FB5-4633-A91E-B109331CB7FA}.Release|x86.ActiveCfg = Release|Any CPU
		{A0DA207E-1FB5-4633-A91E-B109331CB7FA}.Release|x86.Build.0 = Release|Any CPU
		{A18B1EB7-6F37-4ABA-A545-94C3CF457CE1}.Debug|Any CPU.ActiveCfg = Debug|Any CPU
		{A18B1EB7-6F37-4ABA-A545-94C3CF457CE1}.Debug|Any CPU.Build.0 = Debug|Any CPU
		{A18B1EB7-6F37-4ABA-A545-94C3CF457CE1}.Debug|ARM.ActiveCfg = Debug|Any CPU
		{A18B1EB7-6F37-4ABA-A545-94C3CF457CE1}.Debug|ARM.Build.0 = Debug|Any CPU
		{A18B1EB7-6F37-4ABA-A545-94C3CF457CE1}.Debug|x64.ActiveCfg = Debug|Any CPU
		{A18B1EB7-6F37-4ABA-A545-94C3CF457CE1}.Debug|x64.Build.0 = Debug|Any CPU
		{A18B1EB7-6F37-4ABA-A545-94C3CF457CE1}.Debug|x86.ActiveCfg = Debug|Any CPU
		{A18B1EB7-6F37-4ABA-A545-94C3CF457CE1}.Debug|x86.Build.0 = Debug|Any CPU
		{A18B1EB7-6F37-4ABA-A545-94C3CF457CE1}.Release|Any CPU.ActiveCfg = Release|Any CPU
		{A18B1EB7-6F37-4ABA-A545-94C3CF457CE1}.Release|Any CPU.Build.0 = Release|Any CPU
		{A18B1EB7-6F37-4ABA-A545-94C3CF457CE1}.Release|ARM.ActiveCfg = Release|Any CPU
		{A18B1EB7-6F37-4ABA-A545-94C3CF457CE1}.Release|ARM.Build.0 = Release|Any CPU
		{A18B1EB7-6F37-4ABA-A545-94C3CF457CE1}.Release|x64.ActiveCfg = Release|Any CPU
		{A18B1EB7-6F37-4ABA-A545-94C3CF457CE1}.Release|x64.Build.0 = Release|Any CPU
		{A18B1EB7-6F37-4ABA-A545-94C3CF457CE1}.Release|x86.ActiveCfg = Release|Any CPU
		{A18B1EB7-6F37-4ABA-A545-94C3CF457CE1}.Release|x86.Build.0 = Release|Any CPU
		{BCFFBD92-3408-49D4-B65A-D87FDA5A0202}.Debug|Any CPU.ActiveCfg = Debug|Any CPU
		{BCFFBD92-3408-49D4-B65A-D87FDA5A0202}.Debug|Any CPU.Build.0 = Debug|Any CPU
		{BCFFBD92-3408-49D4-B65A-D87FDA5A0202}.Debug|ARM.ActiveCfg = Debug|Any CPU
		{BCFFBD92-3408-49D4-B65A-D87FDA5A0202}.Debug|ARM.Build.0 = Debug|Any CPU
		{BCFFBD92-3408-49D4-B65A-D87FDA5A0202}.Debug|x64.ActiveCfg = Debug|Any CPU
		{BCFFBD92-3408-49D4-B65A-D87FDA5A0202}.Debug|x64.Build.0 = Debug|Any CPU
		{BCFFBD92-3408-49D4-B65A-D87FDA5A0202}.Debug|x86.ActiveCfg = Debug|Any CPU
		{BCFFBD92-3408-49D4-B65A-D87FDA5A0202}.Debug|x86.Build.0 = Debug|Any CPU
		{BCFFBD92-3408-49D4-B65A-D87FDA5A0202}.Release|Any CPU.ActiveCfg = Release|Any CPU
		{BCFFBD92-3408-49D4-B65A-D87FDA5A0202}.Release|Any CPU.Build.0 = Release|Any CPU
		{BCFFBD92-3408-49D4-B65A-D87FDA5A0202}.Release|ARM.ActiveCfg = Release|Any CPU
		{BCFFBD92-3408-49D4-B65A-D87FDA5A0202}.Release|ARM.Build.0 = Release|Any CPU
		{BCFFBD92-3408-49D4-B65A-D87FDA5A0202}.Release|x64.ActiveCfg = Release|Any CPU
		{BCFFBD92-3408-49D4-B65A-D87FDA5A0202}.Release|x64.Build.0 = Release|Any CPU
		{BCFFBD92-3408-49D4-B65A-D87FDA5A0202}.Release|x86.ActiveCfg = Release|Any CPU
		{BCFFBD92-3408-49D4-B65A-D87FDA5A0202}.Release|x86.Build.0 = Release|Any CPU
		{812A2F9B-3437-4EBA-B9B9-7D924DDEA80E}.Debug|Any CPU.ActiveCfg = Debug|Any CPU
		{812A2F9B-3437-4EBA-B9B9-7D924DDEA80E}.Debug|Any CPU.Build.0 = Debug|Any CPU
		{812A2F9B-3437-4EBA-B9B9-7D924DDEA80E}.Debug|ARM.ActiveCfg = Debug|Any CPU
		{812A2F9B-3437-4EBA-B9B9-7D924DDEA80E}.Debug|ARM.Build.0 = Debug|Any CPU
		{812A2F9B-3437-4EBA-B9B9-7D924DDEA80E}.Debug|x64.ActiveCfg = Debug|Any CPU
		{812A2F9B-3437-4EBA-B9B9-7D924DDEA80E}.Debug|x64.Build.0 = Debug|Any CPU
		{812A2F9B-3437-4EBA-B9B9-7D924DDEA80E}.Debug|x86.ActiveCfg = Debug|Any CPU
		{812A2F9B-3437-4EBA-B9B9-7D924DDEA80E}.Debug|x86.Build.0 = Debug|Any CPU
		{812A2F9B-3437-4EBA-B9B9-7D924DDEA80E}.Release|Any CPU.ActiveCfg = Release|Any CPU
		{812A2F9B-3437-4EBA-B9B9-7D924DDEA80E}.Release|Any CPU.Build.0 = Release|Any CPU
		{812A2F9B-3437-4EBA-B9B9-7D924DDEA80E}.Release|ARM.ActiveCfg = Release|Any CPU
		{812A2F9B-3437-4EBA-B9B9-7D924DDEA80E}.Release|ARM.Build.0 = Release|Any CPU
		{812A2F9B-3437-4EBA-B9B9-7D924DDEA80E}.Release|x64.ActiveCfg = Release|Any CPU
		{812A2F9B-3437-4EBA-B9B9-7D924DDEA80E}.Release|x64.Build.0 = Release|Any CPU
		{812A2F9B-3437-4EBA-B9B9-7D924DDEA80E}.Release|x86.ActiveCfg = Release|Any CPU
		{812A2F9B-3437-4EBA-B9B9-7D924DDEA80E}.Release|x86.Build.0 = Release|Any CPU
		{3CDEAE88-6976-4EDE-82D1-74EC3A2DFCD6}.Debug|Any CPU.ActiveCfg = Debug|Any CPU
		{3CDEAE88-6976-4EDE-82D1-74EC3A2DFCD6}.Debug|Any CPU.Build.0 = Debug|Any CPU
		{3CDEAE88-6976-4EDE-82D1-74EC3A2DFCD6}.Debug|ARM.ActiveCfg = Debug|Any CPU
		{3CDEAE88-6976-4EDE-82D1-74EC3A2DFCD6}.Debug|ARM.Build.0 = Debug|Any CPU
		{3CDEAE88-6976-4EDE-82D1-74EC3A2DFCD6}.Debug|x64.ActiveCfg = Debug|Any CPU
		{3CDEAE88-6976-4EDE-82D1-74EC3A2DFCD6}.Debug|x64.Build.0 = Debug|Any CPU
		{3CDEAE88-6976-4EDE-82D1-74EC3A2DFCD6}.Debug|x86.ActiveCfg = Debug|Any CPU
		{3CDEAE88-6976-4EDE-82D1-74EC3A2DFCD6}.Debug|x86.Build.0 = Debug|Any CPU
		{3CDEAE88-6976-4EDE-82D1-74EC3A2DFCD6}.Release|Any CPU.ActiveCfg = Release|Any CPU
		{3CDEAE88-6976-4EDE-82D1-74EC3A2DFCD6}.Release|Any CPU.Build.0 = Release|Any CPU
		{3CDEAE88-6976-4EDE-82D1-74EC3A2DFCD6}.Release|ARM.ActiveCfg = Release|Any CPU
		{3CDEAE88-6976-4EDE-82D1-74EC3A2DFCD6}.Release|ARM.Build.0 = Release|Any CPU
		{3CDEAE88-6976-4EDE-82D1-74EC3A2DFCD6}.Release|x64.ActiveCfg = Release|Any CPU
		{3CDEAE88-6976-4EDE-82D1-74EC3A2DFCD6}.Release|x64.Build.0 = Release|Any CPU
		{3CDEAE88-6976-4EDE-82D1-74EC3A2DFCD6}.Release|x86.ActiveCfg = Release|Any CPU
		{3CDEAE88-6976-4EDE-82D1-74EC3A2DFCD6}.Release|x86.Build.0 = Release|Any CPU
		{3530E1D0-4CA7-4025-8A90-195742DA3EAB}.Debug|Any CPU.ActiveCfg = Debug|Any CPU
		{3530E1D0-4CA7-4025-8A90-195742DA3EAB}.Debug|Any CPU.Build.0 = Debug|Any CPU
		{3530E1D0-4CA7-4025-8A90-195742DA3EAB}.Debug|ARM.ActiveCfg = Debug|Any CPU
		{3530E1D0-4CA7-4025-8A90-195742DA3EAB}.Debug|ARM.Build.0 = Debug|Any CPU
		{3530E1D0-4CA7-4025-8A90-195742DA3EAB}.Debug|x64.ActiveCfg = Debug|Any CPU
		{3530E1D0-4CA7-4025-8A90-195742DA3EAB}.Debug|x64.Build.0 = Debug|Any CPU
		{3530E1D0-4CA7-4025-8A90-195742DA3EAB}.Debug|x86.ActiveCfg = Debug|Any CPU
		{3530E1D0-4CA7-4025-8A90-195742DA3EAB}.Debug|x86.Build.0 = Debug|Any CPU
		{3530E1D0-4CA7-4025-8A90-195742DA3EAB}.Release|Any CPU.ActiveCfg = Release|Any CPU
		{3530E1D0-4CA7-4025-8A90-195742DA3EAB}.Release|Any CPU.Build.0 = Release|Any CPU
		{3530E1D0-4CA7-4025-8A90-195742DA3EAB}.Release|ARM.ActiveCfg = Release|Any CPU
		{3530E1D0-4CA7-4025-8A90-195742DA3EAB}.Release|ARM.Build.0 = Release|Any CPU
		{3530E1D0-4CA7-4025-8A90-195742DA3EAB}.Release|x64.ActiveCfg = Release|Any CPU
		{3530E1D0-4CA7-4025-8A90-195742DA3EAB}.Release|x64.Build.0 = Release|Any CPU
		{3530E1D0-4CA7-4025-8A90-195742DA3EAB}.Release|x86.ActiveCfg = Release|Any CPU
		{3530E1D0-4CA7-4025-8A90-195742DA3EAB}.Release|x86.Build.0 = Release|Any CPU
		{3B1488BA-8F21-434F-BC4C-D4626F9BAA1A}.Debug|Any CPU.ActiveCfg = Debug|Any CPU
		{3B1488BA-8F21-434F-BC4C-D4626F9BAA1A}.Debug|Any CPU.Build.0 = Debug|Any CPU
		{3B1488BA-8F21-434F-BC4C-D4626F9BAA1A}.Debug|ARM.ActiveCfg = Debug|Any CPU
		{3B1488BA-8F21-434F-BC4C-D4626F9BAA1A}.Debug|ARM.Build.0 = Debug|Any CPU
		{3B1488BA-8F21-434F-BC4C-D4626F9BAA1A}.Debug|x64.ActiveCfg = Debug|Any CPU
		{3B1488BA-8F21-434F-BC4C-D4626F9BAA1A}.Debug|x64.Build.0 = Debug|Any CPU
		{3B1488BA-8F21-434F-BC4C-D4626F9BAA1A}.Debug|x86.ActiveCfg = Debug|Any CPU
		{3B1488BA-8F21-434F-BC4C-D4626F9BAA1A}.Debug|x86.Build.0 = Debug|Any CPU
		{3B1488BA-8F21-434F-BC4C-D4626F9BAA1A}.Release|Any CPU.ActiveCfg = Release|Any CPU
		{3B1488BA-8F21-434F-BC4C-D4626F9BAA1A}.Release|Any CPU.Build.0 = Release|Any CPU
		{3B1488BA-8F21-434F-BC4C-D4626F9BAA1A}.Release|ARM.ActiveCfg = Release|Any CPU
		{3B1488BA-8F21-434F-BC4C-D4626F9BAA1A}.Release|ARM.Build.0 = Release|Any CPU
		{3B1488BA-8F21-434F-BC4C-D4626F9BAA1A}.Release|x64.ActiveCfg = Release|Any CPU
		{3B1488BA-8F21-434F-BC4C-D4626F9BAA1A}.Release|x64.Build.0 = Release|Any CPU
		{3B1488BA-8F21-434F-BC4C-D4626F9BAA1A}.Release|x86.ActiveCfg = Release|Any CPU
		{3B1488BA-8F21-434F-BC4C-D4626F9BAA1A}.Release|x86.Build.0 = Release|Any CPU
		{723BE409-15DA-4D2D-A83B-2CBF985C3145}.Debug|Any CPU.ActiveCfg = Debug|Any CPU
		{723BE409-15DA-4D2D-A83B-2CBF985C3145}.Debug|Any CPU.Build.0 = Debug|Any CPU
		{723BE409-15DA-4D2D-A83B-2CBF985C3145}.Debug|ARM.ActiveCfg = Debug|Any CPU
		{723BE409-15DA-4D2D-A83B-2CBF985C3145}.Debug|ARM.Build.0 = Debug|Any CPU
		{723BE409-15DA-4D2D-A83B-2CBF985C3145}.Debug|x64.ActiveCfg = Debug|Any CPU
		{723BE409-15DA-4D2D-A83B-2CBF985C3145}.Debug|x64.Build.0 = Debug|Any CPU
		{723BE409-15DA-4D2D-A83B-2CBF985C3145}.Debug|x86.ActiveCfg = Debug|Any CPU
		{723BE409-15DA-4D2D-A83B-2CBF985C3145}.Debug|x86.Build.0 = Debug|Any CPU
		{723BE409-15DA-4D2D-A83B-2CBF985C3145}.Release|Any CPU.ActiveCfg = Release|Any CPU
		{723BE409-15DA-4D2D-A83B-2CBF985C3145}.Release|Any CPU.Build.0 = Release|Any CPU
		{723BE409-15DA-4D2D-A83B-2CBF985C3145}.Release|ARM.ActiveCfg = Release|Any CPU
		{723BE409-15DA-4D2D-A83B-2CBF985C3145}.Release|ARM.Build.0 = Release|Any CPU
		{723BE409-15DA-4D2D-A83B-2CBF985C3145}.Release|x64.ActiveCfg = Release|Any CPU
		{723BE409-15DA-4D2D-A83B-2CBF985C3145}.Release|x64.Build.0 = Release|Any CPU
		{723BE409-15DA-4D2D-A83B-2CBF985C3145}.Release|x86.ActiveCfg = Release|Any CPU
		{723BE409-15DA-4D2D-A83B-2CBF985C3145}.Release|x86.Build.0 = Release|Any CPU
		{0CA17B38-A3FA-4AA7-A432-FFE290E93076}.Debug|Any CPU.ActiveCfg = Debug|Any CPU
		{0CA17B38-A3FA-4AA7-A432-FFE290E93076}.Debug|Any CPU.Build.0 = Debug|Any CPU
		{0CA17B38-A3FA-4AA7-A432-FFE290E93076}.Debug|ARM.ActiveCfg = Debug|Any CPU
		{0CA17B38-A3FA-4AA7-A432-FFE290E93076}.Debug|ARM.Build.0 = Debug|Any CPU
		{0CA17B38-A3FA-4AA7-A432-FFE290E93076}.Debug|x64.ActiveCfg = Debug|Any CPU
		{0CA17B38-A3FA-4AA7-A432-FFE290E93076}.Debug|x64.Build.0 = Debug|Any CPU
		{0CA17B38-A3FA-4AA7-A432-FFE290E93076}.Debug|x86.ActiveCfg = Debug|Any CPU
		{0CA17B38-A3FA-4AA7-A432-FFE290E93076}.Debug|x86.Build.0 = Debug|Any CPU
		{0CA17B38-A3FA-4AA7-A432-FFE290E93076}.Release|Any CPU.ActiveCfg = Release|Any CPU
		{0CA17B38-A3FA-4AA7-A432-FFE290E93076}.Release|Any CPU.Build.0 = Release|Any CPU
		{0CA17B38-A3FA-4AA7-A432-FFE290E93076}.Release|ARM.ActiveCfg = Release|Any CPU
		{0CA17B38-A3FA-4AA7-A432-FFE290E93076}.Release|ARM.Build.0 = Release|Any CPU
		{0CA17B38-A3FA-4AA7-A432-FFE290E93076}.Release|x64.ActiveCfg = Release|Any CPU
		{0CA17B38-A3FA-4AA7-A432-FFE290E93076}.Release|x64.Build.0 = Release|Any CPU
		{0CA17B38-A3FA-4AA7-A432-FFE290E93076}.Release|x86.ActiveCfg = Release|Any CPU
		{0CA17B38-A3FA-4AA7-A432-FFE290E93076}.Release|x86.Build.0 = Release|Any CPU
		{6205A0CD-83A6-4987-BC0C-C5AFA064588D}.Debug|Any CPU.ActiveCfg = Debug|Any CPU
		{6205A0CD-83A6-4987-BC0C-C5AFA064588D}.Debug|Any CPU.Build.0 = Debug|Any CPU
		{6205A0CD-83A6-4987-BC0C-C5AFA064588D}.Debug|ARM.ActiveCfg = Debug|Any CPU
		{6205A0CD-83A6-4987-BC0C-C5AFA064588D}.Debug|ARM.Build.0 = Debug|Any CPU
		{6205A0CD-83A6-4987-BC0C-C5AFA064588D}.Debug|x64.ActiveCfg = Debug|Any CPU
		{6205A0CD-83A6-4987-BC0C-C5AFA064588D}.Debug|x64.Build.0 = Debug|Any CPU
		{6205A0CD-83A6-4987-BC0C-C5AFA064588D}.Debug|x86.ActiveCfg = Debug|Any CPU
		{6205A0CD-83A6-4987-BC0C-C5AFA064588D}.Debug|x86.Build.0 = Debug|Any CPU
		{6205A0CD-83A6-4987-BC0C-C5AFA064588D}.Release|Any CPU.ActiveCfg = Release|Any CPU
		{6205A0CD-83A6-4987-BC0C-C5AFA064588D}.Release|Any CPU.Build.0 = Release|Any CPU
		{6205A0CD-83A6-4987-BC0C-C5AFA064588D}.Release|ARM.ActiveCfg = Release|Any CPU
		{6205A0CD-83A6-4987-BC0C-C5AFA064588D}.Release|ARM.Build.0 = Release|Any CPU
		{6205A0CD-83A6-4987-BC0C-C5AFA064588D}.Release|x64.ActiveCfg = Release|Any CPU
		{6205A0CD-83A6-4987-BC0C-C5AFA064588D}.Release|x64.Build.0 = Release|Any CPU
		{6205A0CD-83A6-4987-BC0C-C5AFA064588D}.Release|x86.ActiveCfg = Release|Any CPU
		{6205A0CD-83A6-4987-BC0C-C5AFA064588D}.Release|x86.Build.0 = Release|Any CPU
		{E5C1A90A-BA74-403B-AF69-AB1806FFB24A}.Debug|Any CPU.ActiveCfg = Debug|Any CPU
		{E5C1A90A-BA74-403B-AF69-AB1806FFB24A}.Debug|Any CPU.Build.0 = Debug|Any CPU
		{E5C1A90A-BA74-403B-AF69-AB1806FFB24A}.Debug|ARM.ActiveCfg = Debug|Any CPU
		{E5C1A90A-BA74-403B-AF69-AB1806FFB24A}.Debug|ARM.Build.0 = Debug|Any CPU
		{E5C1A90A-BA74-403B-AF69-AB1806FFB24A}.Debug|x64.ActiveCfg = Debug|Any CPU
		{E5C1A90A-BA74-403B-AF69-AB1806FFB24A}.Debug|x64.Build.0 = Debug|Any CPU
		{E5C1A90A-BA74-403B-AF69-AB1806FFB24A}.Debug|x86.ActiveCfg = Debug|Any CPU
		{E5C1A90A-BA74-403B-AF69-AB1806FFB24A}.Debug|x86.Build.0 = Debug|Any CPU
		{E5C1A90A-BA74-403B-AF69-AB1806FFB24A}.Release|Any CPU.ActiveCfg = Release|Any CPU
		{E5C1A90A-BA74-403B-AF69-AB1806FFB24A}.Release|Any CPU.Build.0 = Release|Any CPU
		{E5C1A90A-BA74-403B-AF69-AB1806FFB24A}.Release|ARM.ActiveCfg = Release|Any CPU
		{E5C1A90A-BA74-403B-AF69-AB1806FFB24A}.Release|ARM.Build.0 = Release|Any CPU
		{E5C1A90A-BA74-403B-AF69-AB1806FFB24A}.Release|x64.ActiveCfg = Release|Any CPU
		{E5C1A90A-BA74-403B-AF69-AB1806FFB24A}.Release|x64.Build.0 = Release|Any CPU
		{E5C1A90A-BA74-403B-AF69-AB1806FFB24A}.Release|x86.ActiveCfg = Release|Any CPU
		{E5C1A90A-BA74-403B-AF69-AB1806FFB24A}.Release|x86.Build.0 = Release|Any CPU
		{E97A51E0-7DF4-4A0B-9664-823DDC3FBDE5}.Debug|Any CPU.ActiveCfg = Debug|Any CPU
		{E97A51E0-7DF4-4A0B-9664-823DDC3FBDE5}.Debug|Any CPU.Build.0 = Debug|Any CPU
		{E97A51E0-7DF4-4A0B-9664-823DDC3FBDE5}.Debug|ARM.ActiveCfg = Debug|Any CPU
		{E97A51E0-7DF4-4A0B-9664-823DDC3FBDE5}.Debug|ARM.Build.0 = Debug|Any CPU
		{E97A51E0-7DF4-4A0B-9664-823DDC3FBDE5}.Debug|x64.ActiveCfg = Debug|Any CPU
		{E97A51E0-7DF4-4A0B-9664-823DDC3FBDE5}.Debug|x64.Build.0 = Debug|Any CPU
		{E97A51E0-7DF4-4A0B-9664-823DDC3FBDE5}.Debug|x86.ActiveCfg = Debug|Any CPU
		{E97A51E0-7DF4-4A0B-9664-823DDC3FBDE5}.Debug|x86.Build.0 = Debug|Any CPU
		{E97A51E0-7DF4-4A0B-9664-823DDC3FBDE5}.Release|Any CPU.ActiveCfg = Release|Any CPU
		{E97A51E0-7DF4-4A0B-9664-823DDC3FBDE5}.Release|Any CPU.Build.0 = Release|Any CPU
		{E97A51E0-7DF4-4A0B-9664-823DDC3FBDE5}.Release|ARM.ActiveCfg = Release|Any CPU
		{E97A51E0-7DF4-4A0B-9664-823DDC3FBDE5}.Release|ARM.Build.0 = Release|Any CPU
		{E97A51E0-7DF4-4A0B-9664-823DDC3FBDE5}.Release|x64.ActiveCfg = Release|Any CPU
		{E97A51E0-7DF4-4A0B-9664-823DDC3FBDE5}.Release|x64.Build.0 = Release|Any CPU
		{E97A51E0-7DF4-4A0B-9664-823DDC3FBDE5}.Release|x86.ActiveCfg = Release|Any CPU
		{E97A51E0-7DF4-4A0B-9664-823DDC3FBDE5}.Release|x86.Build.0 = Release|Any CPU
		{A42B505B-7131-465F-BB7E-801FBC749838}.Debug|Any CPU.ActiveCfg = Debug|Any CPU
		{A42B505B-7131-465F-BB7E-801FBC749838}.Debug|Any CPU.Build.0 = Debug|Any CPU
		{A42B505B-7131-465F-BB7E-801FBC749838}.Debug|ARM.ActiveCfg = Debug|Any CPU
		{A42B505B-7131-465F-BB7E-801FBC749838}.Debug|ARM.Build.0 = Debug|Any CPU
		{A42B505B-7131-465F-BB7E-801FBC749838}.Debug|x64.ActiveCfg = Debug|Any CPU
		{A42B505B-7131-465F-BB7E-801FBC749838}.Debug|x64.Build.0 = Debug|Any CPU
		{A42B505B-7131-465F-BB7E-801FBC749838}.Debug|x86.ActiveCfg = Debug|Any CPU
		{A42B505B-7131-465F-BB7E-801FBC749838}.Debug|x86.Build.0 = Debug|Any CPU
		{A42B505B-7131-465F-BB7E-801FBC749838}.Release|Any CPU.ActiveCfg = Release|Any CPU
		{A42B505B-7131-465F-BB7E-801FBC749838}.Release|Any CPU.Build.0 = Release|Any CPU
		{A42B505B-7131-465F-BB7E-801FBC749838}.Release|ARM.ActiveCfg = Release|Any CPU
		{A42B505B-7131-465F-BB7E-801FBC749838}.Release|ARM.Build.0 = Release|Any CPU
		{A42B505B-7131-465F-BB7E-801FBC749838}.Release|x64.ActiveCfg = Release|Any CPU
		{A42B505B-7131-465F-BB7E-801FBC749838}.Release|x64.Build.0 = Release|Any CPU
		{A42B505B-7131-465F-BB7E-801FBC749838}.Release|x86.ActiveCfg = Release|Any CPU
		{A42B505B-7131-465F-BB7E-801FBC749838}.Release|x86.Build.0 = Release|Any CPU
		{6914A00E-D1C4-434D-B160-4F1DEAA58F58}.Debug|Any CPU.ActiveCfg = Debug|Any CPU
		{6914A00E-D1C4-434D-B160-4F1DEAA58F58}.Debug|Any CPU.Build.0 = Debug|Any CPU
		{6914A00E-D1C4-434D-B160-4F1DEAA58F58}.Debug|ARM.ActiveCfg = Debug|Any CPU
		{6914A00E-D1C4-434D-B160-4F1DEAA58F58}.Debug|ARM.Build.0 = Debug|Any CPU
		{6914A00E-D1C4-434D-B160-4F1DEAA58F58}.Debug|x64.ActiveCfg = Debug|Any CPU
		{6914A00E-D1C4-434D-B160-4F1DEAA58F58}.Debug|x64.Build.0 = Debug|Any CPU
		{6914A00E-D1C4-434D-B160-4F1DEAA58F58}.Debug|x86.ActiveCfg = Debug|Any CPU
		{6914A00E-D1C4-434D-B160-4F1DEAA58F58}.Debug|x86.Build.0 = Debug|Any CPU
		{6914A00E-D1C4-434D-B160-4F1DEAA58F58}.Release|Any CPU.ActiveCfg = Release|Any CPU
		{6914A00E-D1C4-434D-B160-4F1DEAA58F58}.Release|Any CPU.Build.0 = Release|Any CPU
		{6914A00E-D1C4-434D-B160-4F1DEAA58F58}.Release|ARM.ActiveCfg = Release|Any CPU
		{6914A00E-D1C4-434D-B160-4F1DEAA58F58}.Release|ARM.Build.0 = Release|Any CPU
		{6914A00E-D1C4-434D-B160-4F1DEAA58F58}.Release|x64.ActiveCfg = Release|Any CPU
		{6914A00E-D1C4-434D-B160-4F1DEAA58F58}.Release|x64.Build.0 = Release|Any CPU
		{6914A00E-D1C4-434D-B160-4F1DEAA58F58}.Release|x86.ActiveCfg = Release|Any CPU
		{6914A00E-D1C4-434D-B160-4F1DEAA58F58}.Release|x86.Build.0 = Release|Any CPU
		{89A65835-FD7A-45C8-B073-3DE6308F0EE1}.Debug|Any CPU.ActiveCfg = Debug|Any CPU
		{89A65835-FD7A-45C8-B073-3DE6308F0EE1}.Debug|Any CPU.Build.0 = Debug|Any CPU
		{89A65835-FD7A-45C8-B073-3DE6308F0EE1}.Debug|ARM.ActiveCfg = Debug|Any CPU
		{89A65835-FD7A-45C8-B073-3DE6308F0EE1}.Debug|ARM.Build.0 = Debug|Any CPU
		{89A65835-FD7A-45C8-B073-3DE6308F0EE1}.Debug|x64.ActiveCfg = Debug|Any CPU
		{89A65835-FD7A-45C8-B073-3DE6308F0EE1}.Debug|x64.Build.0 = Debug|Any CPU
		{89A65835-FD7A-45C8-B073-3DE6308F0EE1}.Debug|x86.ActiveCfg = Debug|Any CPU
		{89A65835-FD7A-45C8-B073-3DE6308F0EE1}.Debug|x86.Build.0 = Debug|Any CPU
		{89A65835-FD7A-45C8-B073-3DE6308F0EE1}.Release|Any CPU.ActiveCfg = Release|Any CPU
		{89A65835-FD7A-45C8-B073-3DE6308F0EE1}.Release|Any CPU.Build.0 = Release|Any CPU
		{89A65835-FD7A-45C8-B073-3DE6308F0EE1}.Release|ARM.ActiveCfg = Release|Any CPU
		{89A65835-FD7A-45C8-B073-3DE6308F0EE1}.Release|ARM.Build.0 = Release|Any CPU
		{89A65835-FD7A-45C8-B073-3DE6308F0EE1}.Release|x64.ActiveCfg = Release|Any CPU
		{89A65835-FD7A-45C8-B073-3DE6308F0EE1}.Release|x64.Build.0 = Release|Any CPU
		{89A65835-FD7A-45C8-B073-3DE6308F0EE1}.Release|x86.ActiveCfg = Release|Any CPU
		{89A65835-FD7A-45C8-B073-3DE6308F0EE1}.Release|x86.Build.0 = Release|Any CPU
		{B5FA28AF-A697-4C16-ACFC-C09B5149FD6E}.Debug|Any CPU.ActiveCfg = Debug|Any CPU
		{B5FA28AF-A697-4C16-ACFC-C09B5149FD6E}.Debug|Any CPU.Build.0 = Debug|Any CPU
		{B5FA28AF-A697-4C16-ACFC-C09B5149FD6E}.Debug|ARM.ActiveCfg = Debug|Any CPU
		{B5FA28AF-A697-4C16-ACFC-C09B5149FD6E}.Debug|ARM.Build.0 = Debug|Any CPU
		{B5FA28AF-A697-4C16-ACFC-C09B5149FD6E}.Debug|x64.ActiveCfg = Debug|Any CPU
		{B5FA28AF-A697-4C16-ACFC-C09B5149FD6E}.Debug|x64.Build.0 = Debug|Any CPU
		{B5FA28AF-A697-4C16-ACFC-C09B5149FD6E}.Debug|x86.ActiveCfg = Debug|Any CPU
		{B5FA28AF-A697-4C16-ACFC-C09B5149FD6E}.Debug|x86.Build.0 = Debug|Any CPU
		{B5FA28AF-A697-4C16-ACFC-C09B5149FD6E}.Release|Any CPU.ActiveCfg = Release|Any CPU
		{B5FA28AF-A697-4C16-ACFC-C09B5149FD6E}.Release|Any CPU.Build.0 = Release|Any CPU
		{B5FA28AF-A697-4C16-ACFC-C09B5149FD6E}.Release|ARM.ActiveCfg = Release|Any CPU
		{B5FA28AF-A697-4C16-ACFC-C09B5149FD6E}.Release|ARM.Build.0 = Release|Any CPU
		{B5FA28AF-A697-4C16-ACFC-C09B5149FD6E}.Release|x64.ActiveCfg = Release|Any CPU
		{B5FA28AF-A697-4C16-ACFC-C09B5149FD6E}.Release|x64.Build.0 = Release|Any CPU
		{B5FA28AF-A697-4C16-ACFC-C09B5149FD6E}.Release|x86.ActiveCfg = Release|Any CPU
		{B5FA28AF-A697-4C16-ACFC-C09B5149FD6E}.Release|x86.Build.0 = Release|Any CPU
		{BDD258A1-7E04-4D3D-A657-287F94AA4C16}.Debug|Any CPU.ActiveCfg = Debug|Any CPU
		{BDD258A1-7E04-4D3D-A657-287F94AA4C16}.Debug|Any CPU.Build.0 = Debug|Any CPU
		{BDD258A1-7E04-4D3D-A657-287F94AA4C16}.Debug|ARM.ActiveCfg = Debug|Any CPU
		{BDD258A1-7E04-4D3D-A657-287F94AA4C16}.Debug|ARM.Build.0 = Debug|Any CPU
		{BDD258A1-7E04-4D3D-A657-287F94AA4C16}.Debug|x64.ActiveCfg = Debug|Any CPU
		{BDD258A1-7E04-4D3D-A657-287F94AA4C16}.Debug|x64.Build.0 = Debug|Any CPU
		{BDD258A1-7E04-4D3D-A657-287F94AA4C16}.Debug|x86.ActiveCfg = Debug|Any CPU
		{BDD258A1-7E04-4D3D-A657-287F94AA4C16}.Debug|x86.Build.0 = Debug|Any CPU
		{BDD258A1-7E04-4D3D-A657-287F94AA4C16}.Release|Any CPU.ActiveCfg = Release|Any CPU
		{BDD258A1-7E04-4D3D-A657-287F94AA4C16}.Release|Any CPU.Build.0 = Release|Any CPU
		{BDD258A1-7E04-4D3D-A657-287F94AA4C16}.Release|ARM.ActiveCfg = Release|Any CPU
		{BDD258A1-7E04-4D3D-A657-287F94AA4C16}.Release|ARM.Build.0 = Release|Any CPU
		{BDD258A1-7E04-4D3D-A657-287F94AA4C16}.Release|x64.ActiveCfg = Release|Any CPU
		{BDD258A1-7E04-4D3D-A657-287F94AA4C16}.Release|x64.Build.0 = Release|Any CPU
		{BDD258A1-7E04-4D3D-A657-287F94AA4C16}.Release|x86.ActiveCfg = Release|Any CPU
		{BDD258A1-7E04-4D3D-A657-287F94AA4C16}.Release|x86.Build.0 = Release|Any CPU
		{AF82E4C4-192C-4763-B04E-B75DDAB41029}.Debug|Any CPU.ActiveCfg = Debug|Any CPU
		{AF82E4C4-192C-4763-B04E-B75DDAB41029}.Debug|Any CPU.Build.0 = Debug|Any CPU
		{AF82E4C4-192C-4763-B04E-B75DDAB41029}.Debug|ARM.ActiveCfg = Debug|Any CPU
		{AF82E4C4-192C-4763-B04E-B75DDAB41029}.Debug|ARM.Build.0 = Debug|Any CPU
		{AF82E4C4-192C-4763-B04E-B75DDAB41029}.Debug|x64.ActiveCfg = Debug|Any CPU
		{AF82E4C4-192C-4763-B04E-B75DDAB41029}.Debug|x64.Build.0 = Debug|Any CPU
		{AF82E4C4-192C-4763-B04E-B75DDAB41029}.Debug|x86.ActiveCfg = Debug|Any CPU
		{AF82E4C4-192C-4763-B04E-B75DDAB41029}.Debug|x86.Build.0 = Debug|Any CPU
		{AF82E4C4-192C-4763-B04E-B75DDAB41029}.Release|Any CPU.ActiveCfg = Release|Any CPU
		{AF82E4C4-192C-4763-B04E-B75DDAB41029}.Release|Any CPU.Build.0 = Release|Any CPU
		{AF82E4C4-192C-4763-B04E-B75DDAB41029}.Release|ARM.ActiveCfg = Release|Any CPU
		{AF82E4C4-192C-4763-B04E-B75DDAB41029}.Release|ARM.Build.0 = Release|Any CPU
		{AF82E4C4-192C-4763-B04E-B75DDAB41029}.Release|x64.ActiveCfg = Release|Any CPU
		{AF82E4C4-192C-4763-B04E-B75DDAB41029}.Release|x64.Build.0 = Release|Any CPU
		{AF82E4C4-192C-4763-B04E-B75DDAB41029}.Release|x86.ActiveCfg = Release|Any CPU
		{AF82E4C4-192C-4763-B04E-B75DDAB41029}.Release|x86.Build.0 = Release|Any CPU
		{6812191F-BF2B-4EC5-BE28-490BF8588E08}.Debug|Any CPU.ActiveCfg = Debug|Any CPU
		{6812191F-BF2B-4EC5-BE28-490BF8588E08}.Debug|Any CPU.Build.0 = Debug|Any CPU
		{6812191F-BF2B-4EC5-BE28-490BF8588E08}.Debug|ARM.ActiveCfg = Debug|Any CPU
		{6812191F-BF2B-4EC5-BE28-490BF8588E08}.Debug|ARM.Build.0 = Debug|Any CPU
		{6812191F-BF2B-4EC5-BE28-490BF8588E08}.Debug|x64.ActiveCfg = Debug|Any CPU
		{6812191F-BF2B-4EC5-BE28-490BF8588E08}.Debug|x64.Build.0 = Debug|Any CPU
		{6812191F-BF2B-4EC5-BE28-490BF8588E08}.Debug|x86.ActiveCfg = Debug|Any CPU
		{6812191F-BF2B-4EC5-BE28-490BF8588E08}.Debug|x86.Build.0 = Debug|Any CPU
		{6812191F-BF2B-4EC5-BE28-490BF8588E08}.Release|Any CPU.ActiveCfg = Release|Any CPU
		{6812191F-BF2B-4EC5-BE28-490BF8588E08}.Release|Any CPU.Build.0 = Release|Any CPU
		{6812191F-BF2B-4EC5-BE28-490BF8588E08}.Release|ARM.ActiveCfg = Release|Any CPU
		{6812191F-BF2B-4EC5-BE28-490BF8588E08}.Release|ARM.Build.0 = Release|Any CPU
		{6812191F-BF2B-4EC5-BE28-490BF8588E08}.Release|x64.ActiveCfg = Release|Any CPU
		{6812191F-BF2B-4EC5-BE28-490BF8588E08}.Release|x64.Build.0 = Release|Any CPU
		{6812191F-BF2B-4EC5-BE28-490BF8588E08}.Release|x86.ActiveCfg = Release|Any CPU
		{6812191F-BF2B-4EC5-BE28-490BF8588E08}.Release|x86.Build.0 = Release|Any CPU
		{68C9542F-20E5-45D7-A4C5-31A805702726}.Debug|Any CPU.ActiveCfg = Debug|Any CPU
		{68C9542F-20E5-45D7-A4C5-31A805702726}.Debug|Any CPU.Build.0 = Debug|Any CPU
		{68C9542F-20E5-45D7-A4C5-31A805702726}.Debug|ARM.ActiveCfg = Debug|Any CPU
		{68C9542F-20E5-45D7-A4C5-31A805702726}.Debug|ARM.Build.0 = Debug|Any CPU
		{68C9542F-20E5-45D7-A4C5-31A805702726}.Debug|x64.ActiveCfg = Debug|Any CPU
		{68C9542F-20E5-45D7-A4C5-31A805702726}.Debug|x64.Build.0 = Debug|Any CPU
		{68C9542F-20E5-45D7-A4C5-31A805702726}.Debug|x86.ActiveCfg = Debug|Any CPU
		{68C9542F-20E5-45D7-A4C5-31A805702726}.Debug|x86.Build.0 = Debug|Any CPU
		{68C9542F-20E5-45D7-A4C5-31A805702726}.Release|Any CPU.ActiveCfg = Release|Any CPU
		{68C9542F-20E5-45D7-A4C5-31A805702726}.Release|Any CPU.Build.0 = Release|Any CPU
		{68C9542F-20E5-45D7-A4C5-31A805702726}.Release|ARM.ActiveCfg = Release|Any CPU
		{68C9542F-20E5-45D7-A4C5-31A805702726}.Release|ARM.Build.0 = Release|Any CPU
		{68C9542F-20E5-45D7-A4C5-31A805702726}.Release|x64.ActiveCfg = Release|Any CPU
		{68C9542F-20E5-45D7-A4C5-31A805702726}.Release|x64.Build.0 = Release|Any CPU
		{68C9542F-20E5-45D7-A4C5-31A805702726}.Release|x86.ActiveCfg = Release|Any CPU
		{68C9542F-20E5-45D7-A4C5-31A805702726}.Release|x86.Build.0 = Release|Any CPU
		{7519D4C0-8E10-41F9-9961-15394DC4F0C1}.Debug|Any CPU.ActiveCfg = Debug|Any CPU
		{7519D4C0-8E10-41F9-9961-15394DC4F0C1}.Debug|Any CPU.Build.0 = Debug|Any CPU
		{7519D4C0-8E10-41F9-9961-15394DC4F0C1}.Debug|ARM.ActiveCfg = Debug|Any CPU
		{7519D4C0-8E10-41F9-9961-15394DC4F0C1}.Debug|ARM.Build.0 = Debug|Any CPU
		{7519D4C0-8E10-41F9-9961-15394DC4F0C1}.Debug|x64.ActiveCfg = Debug|Any CPU
		{7519D4C0-8E10-41F9-9961-15394DC4F0C1}.Debug|x64.Build.0 = Debug|Any CPU
		{7519D4C0-8E10-41F9-9961-15394DC4F0C1}.Debug|x86.ActiveCfg = Debug|Any CPU
		{7519D4C0-8E10-41F9-9961-15394DC4F0C1}.Debug|x86.Build.0 = Debug|Any CPU
		{7519D4C0-8E10-41F9-9961-15394DC4F0C1}.Release|Any CPU.ActiveCfg = Release|Any CPU
		{7519D4C0-8E10-41F9-9961-15394DC4F0C1}.Release|Any CPU.Build.0 = Release|Any CPU
		{7519D4C0-8E10-41F9-9961-15394DC4F0C1}.Release|ARM.ActiveCfg = Release|Any CPU
		{7519D4C0-8E10-41F9-9961-15394DC4F0C1}.Release|ARM.Build.0 = Release|Any CPU
		{7519D4C0-8E10-41F9-9961-15394DC4F0C1}.Release|x64.ActiveCfg = Release|Any CPU
		{7519D4C0-8E10-41F9-9961-15394DC4F0C1}.Release|x64.Build.0 = Release|Any CPU
		{7519D4C0-8E10-41F9-9961-15394DC4F0C1}.Release|x86.ActiveCfg = Release|Any CPU
		{7519D4C0-8E10-41F9-9961-15394DC4F0C1}.Release|x86.Build.0 = Release|Any CPU
		{8E7E6439-1F2C-46FC-9AEC-71049511CBBB}.Debug|Any CPU.ActiveCfg = Debug|Any CPU
		{8E7E6439-1F2C-46FC-9AEC-71049511CBBB}.Debug|Any CPU.Build.0 = Debug|Any CPU
		{8E7E6439-1F2C-46FC-9AEC-71049511CBBB}.Debug|ARM.ActiveCfg = Debug|Any CPU
		{8E7E6439-1F2C-46FC-9AEC-71049511CBBB}.Debug|ARM.Build.0 = Debug|Any CPU
		{8E7E6439-1F2C-46FC-9AEC-71049511CBBB}.Debug|x64.ActiveCfg = Debug|Any CPU
		{8E7E6439-1F2C-46FC-9AEC-71049511CBBB}.Debug|x64.Build.0 = Debug|Any CPU
		{8E7E6439-1F2C-46FC-9AEC-71049511CBBB}.Debug|x86.ActiveCfg = Debug|Any CPU
		{8E7E6439-1F2C-46FC-9AEC-71049511CBBB}.Debug|x86.Build.0 = Debug|Any CPU
		{8E7E6439-1F2C-46FC-9AEC-71049511CBBB}.Release|Any CPU.ActiveCfg = Release|Any CPU
		{8E7E6439-1F2C-46FC-9AEC-71049511CBBB}.Release|Any CPU.Build.0 = Release|Any CPU
		{8E7E6439-1F2C-46FC-9AEC-71049511CBBB}.Release|ARM.ActiveCfg = Release|Any CPU
		{8E7E6439-1F2C-46FC-9AEC-71049511CBBB}.Release|ARM.Build.0 = Release|Any CPU
		{8E7E6439-1F2C-46FC-9AEC-71049511CBBB}.Release|x64.ActiveCfg = Release|Any CPU
		{8E7E6439-1F2C-46FC-9AEC-71049511CBBB}.Release|x64.Build.0 = Release|Any CPU
		{8E7E6439-1F2C-46FC-9AEC-71049511CBBB}.Release|x86.ActiveCfg = Release|Any CPU
		{8E7E6439-1F2C-46FC-9AEC-71049511CBBB}.Release|x86.Build.0 = Release|Any CPU
		{40D9FAA9-6A92-4795-95E8-ECD85E1EC0F0}.Debug|Any CPU.ActiveCfg = Debug|Any CPU
		{40D9FAA9-6A92-4795-95E8-ECD85E1EC0F0}.Debug|Any CPU.Build.0 = Debug|Any CPU
		{40D9FAA9-6A92-4795-95E8-ECD85E1EC0F0}.Debug|ARM.ActiveCfg = Debug|Any CPU
		{40D9FAA9-6A92-4795-95E8-ECD85E1EC0F0}.Debug|ARM.Build.0 = Debug|Any CPU
		{40D9FAA9-6A92-4795-95E8-ECD85E1EC0F0}.Debug|x64.ActiveCfg = Debug|Any CPU
		{40D9FAA9-6A92-4795-95E8-ECD85E1EC0F0}.Debug|x64.Build.0 = Debug|Any CPU
		{40D9FAA9-6A92-4795-95E8-ECD85E1EC0F0}.Debug|x86.ActiveCfg = Debug|Any CPU
		{40D9FAA9-6A92-4795-95E8-ECD85E1EC0F0}.Debug|x86.Build.0 = Debug|Any CPU
		{40D9FAA9-6A92-4795-95E8-ECD85E1EC0F0}.Release|Any CPU.ActiveCfg = Release|Any CPU
		{40D9FAA9-6A92-4795-95E8-ECD85E1EC0F0}.Release|Any CPU.Build.0 = Release|Any CPU
		{40D9FAA9-6A92-4795-95E8-ECD85E1EC0F0}.Release|ARM.ActiveCfg = Release|Any CPU
		{40D9FAA9-6A92-4795-95E8-ECD85E1EC0F0}.Release|ARM.Build.0 = Release|Any CPU
		{40D9FAA9-6A92-4795-95E8-ECD85E1EC0F0}.Release|x64.ActiveCfg = Release|Any CPU
		{40D9FAA9-6A92-4795-95E8-ECD85E1EC0F0}.Release|x64.Build.0 = Release|Any CPU
		{40D9FAA9-6A92-4795-95E8-ECD85E1EC0F0}.Release|x86.ActiveCfg = Release|Any CPU
		{40D9FAA9-6A92-4795-95E8-ECD85E1EC0F0}.Release|x86.Build.0 = Release|Any CPU
		{1FBF70B7-C570-4500-BE85-50ED7361F466}.Debug|Any CPU.ActiveCfg = Debug|Any CPU
		{1FBF70B7-C570-4500-BE85-50ED7361F466}.Debug|Any CPU.Build.0 = Debug|Any CPU
		{1FBF70B7-C570-4500-BE85-50ED7361F466}.Debug|ARM.ActiveCfg = Debug|Any CPU
		{1FBF70B7-C570-4500-BE85-50ED7361F466}.Debug|ARM.Build.0 = Debug|Any CPU
		{1FBF70B7-C570-4500-BE85-50ED7361F466}.Debug|x64.ActiveCfg = Debug|Any CPU
		{1FBF70B7-C570-4500-BE85-50ED7361F466}.Debug|x64.Build.0 = Debug|Any CPU
		{1FBF70B7-C570-4500-BE85-50ED7361F466}.Debug|x86.ActiveCfg = Debug|Any CPU
		{1FBF70B7-C570-4500-BE85-50ED7361F466}.Debug|x86.Build.0 = Debug|Any CPU
		{1FBF70B7-C570-4500-BE85-50ED7361F466}.Release|Any CPU.ActiveCfg = Release|Any CPU
		{1FBF70B7-C570-4500-BE85-50ED7361F466}.Release|Any CPU.Build.0 = Release|Any CPU
		{1FBF70B7-C570-4500-BE85-50ED7361F466}.Release|ARM.ActiveCfg = Release|Any CPU
		{1FBF70B7-C570-4500-BE85-50ED7361F466}.Release|ARM.Build.0 = Release|Any CPU
		{1FBF70B7-C570-4500-BE85-50ED7361F466}.Release|x64.ActiveCfg = Release|Any CPU
		{1FBF70B7-C570-4500-BE85-50ED7361F466}.Release|x64.Build.0 = Release|Any CPU
		{1FBF70B7-C570-4500-BE85-50ED7361F466}.Release|x86.ActiveCfg = Release|Any CPU
		{1FBF70B7-C570-4500-BE85-50ED7361F466}.Release|x86.Build.0 = Release|Any CPU
		{135C85D3-9B3E-451D-9CE6-A375AFFA54D5}.Debug|Any CPU.ActiveCfg = Debug|Any CPU
		{135C85D3-9B3E-451D-9CE6-A375AFFA54D5}.Debug|Any CPU.Build.0 = Debug|Any CPU
		{135C85D3-9B3E-451D-9CE6-A375AFFA54D5}.Debug|ARM.ActiveCfg = Debug|Any CPU
		{135C85D3-9B3E-451D-9CE6-A375AFFA54D5}.Debug|ARM.Build.0 = Debug|Any CPU
		{135C85D3-9B3E-451D-9CE6-A375AFFA54D5}.Debug|x64.ActiveCfg = Debug|Any CPU
		{135C85D3-9B3E-451D-9CE6-A375AFFA54D5}.Debug|x64.Build.0 = Debug|Any CPU
		{135C85D3-9B3E-451D-9CE6-A375AFFA54D5}.Debug|x86.ActiveCfg = Debug|Any CPU
		{135C85D3-9B3E-451D-9CE6-A375AFFA54D5}.Debug|x86.Build.0 = Debug|Any CPU
		{135C85D3-9B3E-451D-9CE6-A375AFFA54D5}.Release|Any CPU.ActiveCfg = Release|Any CPU
		{135C85D3-9B3E-451D-9CE6-A375AFFA54D5}.Release|Any CPU.Build.0 = Release|Any CPU
		{135C85D3-9B3E-451D-9CE6-A375AFFA54D5}.Release|ARM.ActiveCfg = Release|Any CPU
		{135C85D3-9B3E-451D-9CE6-A375AFFA54D5}.Release|ARM.Build.0 = Release|Any CPU
		{135C85D3-9B3E-451D-9CE6-A375AFFA54D5}.Release|x64.ActiveCfg = Release|Any CPU
		{135C85D3-9B3E-451D-9CE6-A375AFFA54D5}.Release|x64.Build.0 = Release|Any CPU
		{135C85D3-9B3E-451D-9CE6-A375AFFA54D5}.Release|x86.ActiveCfg = Release|Any CPU
		{135C85D3-9B3E-451D-9CE6-A375AFFA54D5}.Release|x86.Build.0 = Release|Any CPU
		{F7B687F4-B5E6-4ED1-A526-45958239A6EF}.Debug|Any CPU.ActiveCfg = Debug|Any CPU
		{F7B687F4-B5E6-4ED1-A526-45958239A6EF}.Debug|Any CPU.Build.0 = Debug|Any CPU
		{F7B687F4-B5E6-4ED1-A526-45958239A6EF}.Debug|ARM.ActiveCfg = Debug|Any CPU
		{F7B687F4-B5E6-4ED1-A526-45958239A6EF}.Debug|ARM.Build.0 = Debug|Any CPU
		{F7B687F4-B5E6-4ED1-A526-45958239A6EF}.Debug|x64.ActiveCfg = Debug|Any CPU
		{F7B687F4-B5E6-4ED1-A526-45958239A6EF}.Debug|x64.Build.0 = Debug|Any CPU
		{F7B687F4-B5E6-4ED1-A526-45958239A6EF}.Debug|x86.ActiveCfg = Debug|Any CPU
		{F7B687F4-B5E6-4ED1-A526-45958239A6EF}.Debug|x86.Build.0 = Debug|Any CPU
		{F7B687F4-B5E6-4ED1-A526-45958239A6EF}.Release|Any CPU.ActiveCfg = Release|Any CPU
		{F7B687F4-B5E6-4ED1-A526-45958239A6EF}.Release|Any CPU.Build.0 = Release|Any CPU
		{F7B687F4-B5E6-4ED1-A526-45958239A6EF}.Release|ARM.ActiveCfg = Release|Any CPU
		{F7B687F4-B5E6-4ED1-A526-45958239A6EF}.Release|ARM.Build.0 = Release|Any CPU
		{F7B687F4-B5E6-4ED1-A526-45958239A6EF}.Release|x64.ActiveCfg = Release|Any CPU
		{F7B687F4-B5E6-4ED1-A526-45958239A6EF}.Release|x64.Build.0 = Release|Any CPU
		{F7B687F4-B5E6-4ED1-A526-45958239A6EF}.Release|x86.ActiveCfg = Release|Any CPU
		{F7B687F4-B5E6-4ED1-A526-45958239A6EF}.Release|x86.Build.0 = Release|Any CPU
	EndGlobalSection
	GlobalSection(SolutionProperties) = preSolution
		HideSolutionNode = FALSE
	EndGlobalSection
	GlobalSection(ExtensibilityGlobals) = postSolution
		SolutionGuid = {6C7CB8C6-A770-402C-85EF-5F614D6A21D8}
	EndGlobalSection
EndGlobal
